
Microsoft Visual Studio Solution File, Format Version 12.00
# Visual Studio Version 16
VisualStudioVersion = 16.0.32106.194
MinimumVisualStudioVersion = 10.0.40219.1
Project("{FAE04EC0-301F-11D3-BF4B-00C04F79EFBC}") = "ConsoleAppsStringsAndIntergersSubmissionAssignment", "ConsoleAppsStringsAndIntergersSubmissionAssignment.csproj", "{D833AB41-3D2B-4C50-911A-EDBE3D03BFDE}"
EndProject
Global
	GlobalSection(SolutionConfigurationPlatforms) = preSolution
		Debug|Any CPU = Debug|Any CPU
		Release|Any CPU = Release|Any CPU
	EndGlobalSection
	GlobalSection(ProjectConfigurationPlatforms) = postSolution
		{D833AB41-3D2B-4C50-911A-EDBE3D03BFDE}.Debug|Any CPU.ActiveCfg = Debug|Any CPU
		{D833AB41-3D2B-4C50-911A-EDBE3D03BFDE}.Debug|Any CPU.Build.0 = Debug|Any CPU
		{D833AB41-3D2B-4C50-911A-EDBE3D03BFDE}.Release|Any CPU.ActiveCfg = Release|Any CPU
		{D833AB41-3D2B-4C50-911A-EDBE3D03BFDE}.Release|Any CPU.Build.0 = Release|Any CPU
	EndGlobalSection
	GlobalSection(SolutionProperties) = preSolution
		HideSolutionNode = FALSE
	EndGlobalSection
	GlobalSection(ExtensibilityGlobals) = postSolution
		SolutionGuid = {0C4495C5-2A92-410A-AA79-E40A6960EFD5}
	EndGlobalSection
EndGlobal
